
Microsoft Visual Studio Solution File, Format Version 12.00
# Visual Studio Version 17
VisualStudioVersion = 17.2.32602.215
MinimumVisualStudioVersion = 10.0.40219.1
Project("{FAE04EC0-301F-11D3-BF4B-00C04F79EFBC}") = "Domain", "Domain\Domain.csproj", "{402BF85F-D618-420B-8C0A-41AEDA66F4D4}"
EndProject
Project("{FAE04EC0-301F-11D3-BF4B-00C04F79EFBC}") = "VueSample.API", "VueSample.API\VueSample.API.csproj", "{3D19F401-3957-4DE0-878A-5B38D7C6ABD9}"
EndProject
Global
	GlobalSection(SolutionConfigurationPlatforms) = preSolution
		Debug|Any CPU = Debug|Any CPU
		Release|Any CPU = Release|Any CPU
	EndGlobalSection
	GlobalSection(ProjectConfigurationPlatforms) = postSolution
		{402BF85F-D618-420B-8C0A-41AEDA66F4D4}.Debug|Any CPU.ActiveCfg = Debug|Any CPU
		{402BF85F-D618-420B-8C0A-41AEDA66F4D4}.Debug|Any CPU.Build.0 = Debug|Any CPU
		{402BF85F-D618-420B-8C0A-41AEDA66F4D4}.Release|Any CPU.ActiveCfg = Release|Any CPU
		{402BF85F-D618-420B-8C0A-41AEDA66F4D4}.Release|Any CPU.Build.0 = Release|Any CPU
		{3D19F401-3957-4DE0-878A-5B38D7C6ABD9}.Debug|Any CPU.ActiveCfg = Debug|Any CPU
		{3D19F401-3957-4DE0-878A-5B38D7C6ABD9}.Debug|Any CPU.Build.0 = Debug|Any CPU
		{3D19F401-3957-4DE0-878A-5B38D7C6ABD9}.Release|Any CPU.ActiveCfg = Release|Any CPU
		{3D19F401-3957-4DE0-878A-5B38D7C6ABD9}.Release|Any CPU.Build.0 = Release|Any CPU
	EndGlobalSection
	GlobalSection(SolutionProperties) = preSolution
		HideSolutionNode = FALSE
	EndGlobalSection
	GlobalSection(ExtensibilityGlobals) = postSolution
		SolutionGuid = {A2FF9FA0-4EFB-4894-80F1-FA5CFDB3B83B}
	EndGlobalSection
EndGlobal
